// !$*UTF8*$!
{
	archiveVersion = 1;
	classes = {
	};
	objectVersion = 56;
	objects = {

/* Begin PBXBuildFile section */
		CB21DB1B2A59769900F93499 /* EventCard.swift in Sources */ = {isa = PBXBuildFile; fileRef = CB21DB1A2A59769900F93499 /* EventCard.swift */; };
		CB21DB232A5982D500F93499 /* OverView2.swift in Sources */ = {isa = PBXBuildFile; fileRef = CB21DB222A5982D500F93499 /* OverView2.swift */; };
		CB21DB252A5A9C1800F93499 /* CreateView.swift in Sources */ = {isa = PBXBuildFile; fileRef = CB21DB242A5A9C1800F93499 /* CreateView.swift */; };
		CB21DB282A5D894D00F93499 /* EventFormViewModel.swift in Sources */ = {isa = PBXBuildFile; fileRef = CB21DB272A5D894D00F93499 /* EventFormViewModel.swift */; };
		CB21DB2A2A61AC1900F93499 /* CalendarPickerView.swift in Sources */ = {isa = PBXBuildFile; fileRef = CB21DB292A61AC1900F93499 /* CalendarPickerView.swift */; };
		CB21DB2D2A61BC4C00F93499 /* Date.swift in Sources */ = {isa = PBXBuildFile; fileRef = CB21DB2C2A61BC4C00F93499 /* Date.swift */; };
		CB597BBE2A571DA6003BCA55 /* WrapWithBackground.swift in Sources */ = {isa = PBXBuildFile; fileRef = CB597BBD2A571DA6003BCA55 /* WrapWithBackground.swift */; };
		CB7AB5102A56E96600C4E439 /* so_joinApp.swift in Sources */ = {isa = PBXBuildFile; fileRef = CB7AB50F2A56E96600C4E439 /* so_joinApp.swift */; };
		CB7AB5122A56E96600C4E439 /* Persistence.swift in Sources */ = {isa = PBXBuildFile; fileRef = CB7AB5112A56E96600C4E439 /* Persistence.swift */; };
		CB7AB5152A56E96600C4E439 /* so_join.xcdatamodeld in Sources */ = {isa = PBXBuildFile; fileRef = CB7AB5132A56E96600C4E439 /* so_join.xcdatamodeld */; };
		CB7AB5172A56E96600C4E439 /* ContentView.swift in Sources */ = {isa = PBXBuildFile; fileRef = CB7AB5162A56E96600C4E439 /* ContentView.swift */; };
		CB7AB5192A56E96700C4E439 /* Assets.xcassets in Resources */ = {isa = PBXBuildFile; fileRef = CB7AB5182A56E96700C4E439 /* Assets.xcassets */; };
		CB7AB51D2A56E96700C4E439 /* Preview Assets.xcassets in Resources */ = {isa = PBXBuildFile; fileRef = CB7AB51C2A56E96700C4E439 /* Preview Assets.xcassets */; };
		CB7AB5252A56EA1700C4E439 /* OverView.swift in Sources */ = {isa = PBXBuildFile; fileRef = CB7AB5242A56EA1700C4E439 /* OverView.swift */; };
		CB7AB5282A56EAD600C4E439 /* MainView.swift in Sources */ = {isa = PBXBuildFile; fileRef = CB7AB5272A56EAD600C4E439 /* MainView.swift */; };
		CB7AB52A2A56EE7400C4E439 /* SecondView.swift in Sources */ = {isa = PBXBuildFile; fileRef = CB7AB5292A56EE7400C4E439 /* SecondView.swift */; };
		CB7AB52C2A56EE7D00C4E439 /* ThirdView.swift in Sources */ = {isa = PBXBuildFile; fileRef = CB7AB52B2A56EE7D00C4E439 /* ThirdView.swift */; };
		CB89CBD22A6EA6F400C4B5D3 /* InviteView.swift in Sources */ = {isa = PBXBuildFile; fileRef = CB89CBD12A6EA6F400C4B5D3 /* InviteView.swift */; };
		CB89CBD42A6FF03B00C4B5D3 /* EventView.swift in Sources */ = {isa = PBXBuildFile; fileRef = CB89CBD32A6FF03B00C4B5D3 /* EventView.swift */; };
		CB89CBD72A6FF92000C4B5D3 /* Event.swift in Sources */ = {isa = PBXBuildFile; fileRef = CB89CBD62A6FF92000C4B5D3 /* Event.swift */; };
		CB89CBD92A72927500C4B5D3 /* SharePanelView.swift in Sources */ = {isa = PBXBuildFile; fileRef = CB89CBD82A72927500C4B5D3 /* SharePanelView.swift */; };
/* End PBXBuildFile section */

/* Begin PBXFileReference section */
		CB21DB1A2A59769900F93499 /* EventCard.swift */ = {isa = PBXFileReference; lastKnownFileType = sourcecode.swift; path = EventCard.swift; sourceTree = "<group>"; };
		CB21DB1E2A59776000F93499 /* NotoSansTC-Bold.otf */ = {isa = PBXFileReference; lastKnownFileType = file; path = "NotoSansTC-Bold.otf"; sourceTree = "<group>"; };
		CB21DB1F2A59776000F93499 /* NotoSansTC-Medium.otf */ = {isa = PBXFileReference; lastKnownFileType = file; path = "NotoSansTC-Medium.otf"; sourceTree = "<group>"; };
		CB21DB202A59776000F93499 /* NotoSansTC-Regular.otf */ = {isa = PBXFileReference; lastKnownFileType = file; path = "NotoSansTC-Regular.otf"; sourceTree = "<group>"; };
		CB21DB212A5977A700F93499 /* Info.plist */ = {isa = PBXFileReference; lastKnownFileType = text.plist; path = Info.plist; sourceTree = "<group>"; };
		CB21DB222A5982D500F93499 /* OverView2.swift */ = {isa = PBXFileReference; lastKnownFileType = sourcecode.swift; path = OverView2.swift; sourceTree = "<group>"; };
		CB21DB242A5A9C1800F93499 /* CreateView.swift */ = {isa = PBXFileReference; lastKnownFileType = sourcecode.swift; path = CreateView.swift; sourceTree = "<group>"; };
		CB21DB272A5D894D00F93499 /* EventFormViewModel.swift */ = {isa = PBXFileReference; lastKnownFileType = sourcecode.swift; path = EventFormViewModel.swift; sourceTree = "<group>"; };
		CB21DB292A61AC1900F93499 /* CalendarPickerView.swift */ = {isa = PBXFileReference; lastKnownFileType = sourcecode.swift; path = CalendarPickerView.swift; sourceTree = "<group>"; };
		CB21DB2C2A61BC4C00F93499 /* Date.swift */ = {isa = PBXFileReference; lastKnownFileType = sourcecode.swift; path = Date.swift; sourceTree = "<group>"; };
		CB597BBD2A571DA6003BCA55 /* WrapWithBackground.swift */ = {isa = PBXFileReference; lastKnownFileType = sourcecode.swift; path = WrapWithBackground.swift; sourceTree = "<group>"; };
		CB7AB50C2A56E96600C4E439 /* so-join.app */ = {isa = PBXFileReference; explicitFileType = wrapper.application; includeInIndex = 0; path = "so-join.app"; sourceTree = BUILT_PRODUCTS_DIR; };
		CB7AB50F2A56E96600C4E439 /* so_joinApp.swift */ = {isa = PBXFileReference; lastKnownFileType = sourcecode.swift; path = so_joinApp.swift; sourceTree = "<group>"; };
		CB7AB5112A56E96600C4E439 /* Persistence.swift */ = {isa = PBXFileReference; lastKnownFileType = sourcecode.swift; path = Persistence.swift; sourceTree = "<group>"; };
		CB7AB5142A56E96600C4E439 /* so_join.xcdatamodel */ = {isa = PBXFileReference; lastKnownFileType = wrapper.xcdatamodel; path = so_join.xcdatamodel; sourceTree = "<group>"; };
		CB7AB5162A56E96600C4E439 /* ContentView.swift */ = {isa = PBXFileReference; lastKnownFileType = sourcecode.swift; path = ContentView.swift; sourceTree = "<group>"; };
		CB7AB5182A56E96700C4E439 /* Assets.xcassets */ = {isa = PBXFileReference; lastKnownFileType = folder.assetcatalog; path = Assets.xcassets; sourceTree = "<group>"; };
		CB7AB51A2A56E96700C4E439 /* so_join.entitlements */ = {isa = PBXFileReference; lastKnownFileType = text.plist.entitlements; path = so_join.entitlements; sourceTree = "<group>"; };
		CB7AB51C2A56E96700C4E439 /* Preview Assets.xcassets */ = {isa = PBXFileReference; lastKnownFileType = folder.assetcatalog; path = "Preview Assets.xcassets"; sourceTree = "<group>"; };
		CB7AB5242A56EA1700C4E439 /* OverView.swift */ = {isa = PBXFileReference; lastKnownFileType = sourcecode.swift; path = OverView.swift; sourceTree = "<group>"; };
		CB7AB5272A56EAD600C4E439 /* MainView.swift */ = {isa = PBXFileReference; lastKnownFileType = sourcecode.swift; path = MainView.swift; sourceTree = "<group>"; };
		CB7AB5292A56EE7400C4E439 /* SecondView.swift */ = {isa = PBXFileReference; lastKnownFileType = sourcecode.swift; path = SecondView.swift; sourceTree = "<group>"; };
		CB7AB52B2A56EE7D00C4E439 /* ThirdView.swift */ = {isa = PBXFileReference; lastKnownFileType = sourcecode.swift; path = ThirdView.swift; sourceTree = "<group>"; };
		CB89CBD12A6EA6F400C4B5D3 /* InviteView.swift */ = {isa = PBXFileReference; lastKnownFileType = sourcecode.swift; path = InviteView.swift; sourceTree = "<group>"; };
		CB89CBD32A6FF03B00C4B5D3 /* EventView.swift */ = {isa = PBXFileReference; lastKnownFileType = sourcecode.swift; path = EventView.swift; sourceTree = "<group>"; };
		CB89CBD62A6FF92000C4B5D3 /* Event.swift */ = {isa = PBXFileReference; lastKnownFileType = sourcecode.swift; path = Event.swift; sourceTree = "<group>"; };
		CB89CBD82A72927500C4B5D3 /* SharePanelView.swift */ = {isa = PBXFileReference; lastKnownFileType = sourcecode.swift; path = SharePanelView.swift; sourceTree = "<group>"; };
/* End PBXFileReference section */

/* Begin PBXFrameworksBuildPhase section */
		CB7AB5092A56E96600C4E439 /* Frameworks */ = {
			isa = PBXFrameworksBuildPhase;
			buildActionMask = 2147483647;
			files = (
			);
			runOnlyForDeploymentPostprocessing = 0;
		};
/* End PBXFrameworksBuildPhase section */

/* Begin PBXGroup section */
		CB21DB1C2A5976FB00F93499 /* Resources */ = {
			isa = PBXGroup;
			children = (
				CB21DB1D2A59772E00F93499 /* Font */,
			);
			path = Resources;
			sourceTree = "<group>";
		};
		CB21DB1D2A59772E00F93499 /* Font */ = {
			isa = PBXGroup;
			children = (
				CB21DB1E2A59776000F93499 /* NotoSansTC-Bold.otf */,
				CB21DB1F2A59776000F93499 /* NotoSansTC-Medium.otf */,
				CB21DB202A59776000F93499 /* NotoSansTC-Regular.otf */,
			);
			path = Font;
			sourceTree = "<group>";
		};
		CB21DB262A5D893300F93499 /* ViewModel */ = {
			isa = PBXGroup;
			children = (
				CB21DB272A5D894D00F93499 /* EventFormViewModel.swift */,
			);
			path = ViewModel;
			sourceTree = "<group>";
		};
		CB21DB2B2A61B7B000F93499 /* Extensions */ = {
			isa = PBXGroup;
			children = (
				CB21DB2C2A61BC4C00F93499 /* Date.swift */,
			);
			path = Extensions;
			sourceTree = "<group>";
		};
		CB597BBC2A571D8D003BCA55 /* Hoc */ = {
			isa = PBXGroup;
			children = (
				CB597BBD2A571DA6003BCA55 /* WrapWithBackground.swift */,
			);
			path = Hoc;
			sourceTree = "<group>";
		};
		CB7AB5032A56E96600C4E439 = {
			isa = PBXGroup;
			children = (
				CB7AB50E2A56E96600C4E439 /* so-join */,
				CB7AB50D2A56E96600C4E439 /* Products */,
			);
			sourceTree = "<group>";
		};
		CB7AB50D2A56E96600C4E439 /* Products */ = {
			isa = PBXGroup;
			children = (
				CB7AB50C2A56E96600C4E439 /* so-join.app */,
			);
			name = Products;
			sourceTree = "<group>";
		};
		CB7AB50E2A56E96600C4E439 /* so-join */ = {
			isa = PBXGroup;
			children = (
				CB89CBD52A6FF91400C4B5D3 /* Model */,
				CB21DB2B2A61B7B000F93499 /* Extensions */,
				CB21DB262A5D893300F93499 /* ViewModel */,
				CB21DB212A5977A700F93499 /* Info.plist */,
				CB21DB1C2A5976FB00F93499 /* Resources */,
				CB597BBC2A571D8D003BCA55 /* Hoc */,
				CB7AB5232A56E9F800C4E439 /* View */,
				CB7AB50F2A56E96600C4E439 /* so_joinApp.swift */,
				CB7AB5112A56E96600C4E439 /* Persistence.swift */,
				CB7AB5162A56E96600C4E439 /* ContentView.swift */,
				CB7AB5182A56E96700C4E439 /* Assets.xcassets */,
				CB7AB51A2A56E96700C4E439 /* so_join.entitlements */,
				CB7AB5132A56E96600C4E439 /* so_join.xcdatamodeld */,
				CB7AB51B2A56E96700C4E439 /* Preview Content */,
			);
			path = "so-join";
			sourceTree = "<group>";
		};
		CB7AB51B2A56E96700C4E439 /* Preview Content */ = {
			isa = PBXGroup;
			children = (
				CB7AB51C2A56E96700C4E439 /* Preview Assets.xcassets */,
			);
			path = "Preview Content";
			sourceTree = "<group>";
		};
		CB7AB5232A56E9F800C4E439 /* View */ = {
			isa = PBXGroup;
			children = (
				CB7AB5242A56EA1700C4E439 /* OverView.swift */,
				CB7AB5272A56EAD600C4E439 /* MainView.swift */,
				CB7AB5292A56EE7400C4E439 /* SecondView.swift */,
				CB7AB52B2A56EE7D00C4E439 /* ThirdView.swift */,
				CB21DB1A2A59769900F93499 /* EventCard.swift */,
				CB21DB222A5982D500F93499 /* OverView2.swift */,
				CB21DB242A5A9C1800F93499 /* CreateView.swift */,
				CB21DB292A61AC1900F93499 /* CalendarPickerView.swift */,
				CB89CBD12A6EA6F400C4B5D3 /* InviteView.swift */,
				CB89CBD32A6FF03B00C4B5D3 /* EventView.swift */,
				CB89CBD82A72927500C4B5D3 /* SharePanelView.swift */,
			);
			path = View;
			sourceTree = "<group>";
		};
		CB89CBD52A6FF91400C4B5D3 /* Model */ = {
			isa = PBXGroup;
			children = (
				CB89CBD62A6FF92000C4B5D3 /* Event.swift */,
			);
			path = Model;
			sourceTree = "<group>";
		};
/* End PBXGroup section */

/* Begin PBXNativeTarget section */
		CB7AB50B2A56E96600C4E439 /* so-join */ = {
			isa = PBXNativeTarget;
			buildConfigurationList = CB7AB5202A56E96700C4E439 /* Build configuration list for PBXNativeTarget "so-join" */;
			buildPhases = (
				CB7AB5082A56E96600C4E439 /* Sources */,
				CB7AB5092A56E96600C4E439 /* Frameworks */,
				CB7AB50A2A56E96600C4E439 /* Resources */,
			);
			buildRules = (
			);
			dependencies = (
			);
			name = "so-join";
			productName = "so-join";
			productReference = CB7AB50C2A56E96600C4E439 /* so-join.app */;
			productType = "com.apple.product-type.application";
		};
/* End PBXNativeTarget section */

/* Begin PBXProject section */
		CB7AB5042A56E96600C4E439 /* Project object */ = {
			isa = PBXProject;
			attributes = {
				BuildIndependentTargetsInParallel = 1;
				LastSwiftUpdateCheck = 1430;
				LastUpgradeCheck = 1430;
				TargetAttributes = {
					CB7AB50B2A56E96600C4E439 = {
						CreatedOnToolsVersion = 14.3.1;
					};
				};
			};
			buildConfigurationList = CB7AB5072A56E96600C4E439 /* Build configuration list for PBXProject "so-join" */;
			compatibilityVersion = "Xcode 14.0";
			developmentRegion = "zh-Hant";
			hasScannedForEncodings = 0;
			knownRegions = (
				en,
				Base,
				"zh-Hant",
			);
			mainGroup = CB7AB5032A56E96600C4E439;
			productRefGroup = CB7AB50D2A56E96600C4E439 /* Products */;
			projectDirPath = "";
			projectRoot = "";
			targets = (
				CB7AB50B2A56E96600C4E439 /* so-join */,
			);
		};
/* End PBXProject section */

/* Begin PBXResourcesBuildPhase section */
		CB7AB50A2A56E96600C4E439 /* Resources */ = {
			isa = PBXResourcesBuildPhase;
			buildActionMask = 2147483647;
			files = (
				CB7AB51D2A56E96700C4E439 /* Preview Assets.xcassets in Resources */,
				CB7AB5192A56E96700C4E439 /* Assets.xcassets in Resources */,
			);
			runOnlyForDeploymentPostprocessing = 0;
		};
/* End PBXResourcesBuildPhase section */

/* Begin PBXSourcesBuildPhase section */
		CB7AB5082A56E96600C4E439 /* Sources */ = {
			isa = PBXSourcesBuildPhase;
			buildActionMask = 2147483647;
			files = (
				CB7AB52C2A56EE7D00C4E439 /* ThirdView.swift in Sources */,
				CB21DB2D2A61BC4C00F93499 /* Date.swift in Sources */,
				CB89CBD22A6EA6F400C4B5D3 /* InviteView.swift in Sources */,
				CB89CBD92A72927500C4B5D3 /* SharePanelView.swift in Sources */,
				CB89CBD42A6FF03B00C4B5D3 /* EventView.swift in Sources */,
				CB597BBE2A571DA6003BCA55 /* WrapWithBackground.swift in Sources */,
				CB7AB52A2A56EE7400C4E439 /* SecondView.swift in Sources */,
				CB7AB5102A56E96600C4E439 /* so_joinApp.swift in Sources */,
				CB21DB1B2A59769900F93499 /* EventCard.swift in Sources */,
				CB7AB5282A56EAD600C4E439 /* MainView.swift in Sources */,
				CB7AB5152A56E96600C4E439 /* so_join.xcdatamodeld in Sources */,
				CB89CBD72A6FF92000C4B5D3 /* Event.swift in Sources */,
				CB21DB232A5982D500F93499 /* OverView2.swift in Sources */,
				CB7AB5252A56EA1700C4E439 /* OverView.swift in Sources */,
				CB7AB5172A56E96600C4E439 /* ContentView.swift in Sources */,
				CB21DB282A5D894D00F93499 /* EventFormViewModel.swift in Sources */,
				CB21DB252A5A9C1800F93499 /* CreateView.swift in Sources */,
				CB21DB2A2A61AC1900F93499 /* CalendarPickerView.swift in Sources */,
				CB7AB5122A56E96600C4E439 /* Persistence.swift in Sources */,
			);
			runOnlyForDeploymentPostprocessing = 0;
		};
/* End PBXSourcesBuildPhase section */

/* Begin XCBuildConfiguration section */
		CB7AB51E2A56E96700C4E439 /* Debug */ = {
			isa = XCBuildConfiguration;
			buildSettings = {
				ALWAYS_SEARCH_USER_PATHS = NO;
				CLANG_ANALYZER_NONNULL = YES;
				CLANG_ANALYZER_NUMBER_OBJECT_CONVERSION = YES_AGGRESSIVE;
				CLANG_CXX_LANGUAGE_STANDARD = "gnu++20";
				CLANG_ENABLE_MODULES = YES;
				CLANG_ENABLE_OBJC_ARC = YES;
				CLANG_ENABLE_OBJC_WEAK = YES;
				CLANG_WARN_BLOCK_CAPTURE_AUTORELEASING = YES;
				CLANG_WARN_BOOL_CONVERSION = YES;
				CLANG_WARN_COMMA = YES;
				CLANG_WARN_CONSTANT_CONVERSION = YES;
				CLANG_WARN_DEPRECATED_OBJC_IMPLEMENTATIONS = YES;
				CLANG_WARN_DIRECT_OBJC_ISA_USAGE = YES_ERROR;
				CLANG_WARN_DOCUMENTATION_COMMENTS = YES;
				CLANG_WARN_EMPTY_BODY = YES;
				CLANG_WARN_ENUM_CONVERSION = YES;
				CLANG_WARN_INFINITE_RECURSION = YES;
				CLANG_WARN_INT_CONVERSION = YES;
				CLANG_WARN_NON_LITERAL_NULL_CONVERSION = YES;
				CLANG_WARN_OBJC_IMPLICIT_RETAIN_SELF = YES;
				CLANG_WARN_OBJC_LITERAL_CONVERSION = YES;
				CLANG_WARN_OBJC_ROOT_CLASS = YES_ERROR;
				CLANG_WARN_QUOTED_INCLUDE_IN_FRAMEWORK_HEADER = YES;
				CLANG_WARN_RANGE_LOOP_ANALYSIS = YES;
				CLANG_WARN_STRICT_PROTOTYPES = YES;
				CLANG_WARN_SUSPICIOUS_MOVE = YES;
				CLANG_WARN_UNGUARDED_AVAILABILITY = YES_AGGRESSIVE;
				CLANG_WARN_UNREACHABLE_CODE = YES;
				CLANG_WARN__DUPLICATE_METHOD_MATCH = YES;
				COPY_PHASE_STRIP = NO;
				DEBUG_INFORMATION_FORMAT = dwarf;
				ENABLE_STRICT_OBJC_MSGSEND = YES;
				ENABLE_TESTABILITY = YES;
				GCC_C_LANGUAGE_STANDARD = gnu11;
				GCC_DYNAMIC_NO_PIC = NO;
				GCC_NO_COMMON_BLOCKS = YES;
				GCC_OPTIMIZATION_LEVEL = 0;
				GCC_PREPROCESSOR_DEFINITIONS = (
					"DEBUG=1",
					"$(inherited)",
				);
				GCC_WARN_64_TO_32_BIT_CONVERSION = YES;
				GCC_WARN_ABOUT_RETURN_TYPE = YES_ERROR;
				GCC_WARN_UNDECLARED_SELECTOR = YES;
				GCC_WARN_UNINITIALIZED_AUTOS = YES_AGGRESSIVE;
				GCC_WARN_UNUSED_FUNCTION = YES;
				GCC_WARN_UNUSED_VARIABLE = YES;
				MTL_ENABLE_DEBUG_INFO = INCLUDE_SOURCE;
				MTL_FAST_MATH = YES;
				ONLY_ACTIVE_ARCH = YES;
				SWIFT_ACTIVE_COMPILATION_CONDITIONS = DEBUG;
				SWIFT_OPTIMIZATION_LEVEL = "-Onone";
			};
			name = Debug;
		};
		CB7AB51F2A56E96700C4E439 /* Release */ = {
			isa = XCBuildConfiguration;
			buildSettings = {
				ALWAYS_SEARCH_USER_PATHS = NO;
				CLANG_ANALYZER_NONNULL = YES;
				CLANG_ANALYZER_NUMBER_OBJECT_CONVERSION = YES_AGGRESSIVE;
				CLANG_CXX_LANGUAGE_STANDARD = "gnu++20";
				CLANG_ENABLE_MODULES = YES;
				CLANG_ENABLE_OBJC_ARC = YES;
				CLANG_ENABLE_OBJC_WEAK = YES;
				CLANG_WARN_BLOCK_CAPTURE_AUTORELEASING = YES;
				CLANG_WARN_BOOL_CONVERSION = YES;
				CLANG_WARN_COMMA = YES;
				CLANG_WARN_CONSTANT_CONVERSION = YES;
				CLANG_WARN_DEPRECATED_OBJC_IMPLEMENTATIONS = YES;
				CLANG_WARN_DIRECT_OBJC_ISA_USAGE = YES_ERROR;
				CLANG_WARN_DOCUMENTATION_COMMENTS = YES;
				CLANG_WARN_EMPTY_BODY = YES;
				CLANG_WARN_ENUM_CONVERSION = YES;
				CLANG_WARN_INFINITE_RECURSION = YES;
				CLANG_WARN_INT_CONVERSION = YES;
				CLANG_WARN_NON_LITERAL_NULL_CONVERSION = YES;
				CLANG_WARN_OBJC_IMPLICIT_RETAIN_SELF = YES;
				CLANG_WARN_OBJC_LITERAL_CONVERSION = YES;
				CLANG_WARN_OBJC_ROOT_CLASS = YES_ERROR;
				CLANG_WARN_QUOTED_INCLUDE_IN_FRAMEWORK_HEADER = YES;
				CLANG_WARN_RANGE_LOOP_ANALYSIS = YES;
				CLANG_WARN_STRICT_PROTOTYPES = YES;
				CLANG_WARN_SUSPICIOUS_MOVE = YES;
				CLANG_WARN_UNGUARDED_AVAILABILITY = YES_AGGRESSIVE;
				CLANG_WARN_UNREACHABLE_CODE = YES;
				CLANG_WARN__DUPLICATE_METHOD_MATCH = YES;
				COPY_PHASE_STRIP = NO;
				DEBUG_INFORMATION_FORMAT = "dwarf-with-dsym";
				ENABLE_NS_ASSERTIONS = NO;
				ENABLE_STRICT_OBJC_MSGSEND = YES;
				GCC_C_LANGUAGE_STANDARD = gnu11;
				GCC_NO_COMMON_BLOCKS = YES;
				GCC_WARN_64_TO_32_BIT_CONVERSION = YES;
				GCC_WARN_ABOUT_RETURN_TYPE = YES_ERROR;
				GCC_WARN_UNDECLARED_SELECTOR = YES;
				GCC_WARN_UNINITIALIZED_AUTOS = YES_AGGRESSIVE;
				GCC_WARN_UNUSED_FUNCTION = YES;
				GCC_WARN_UNUSED_VARIABLE = YES;
				MTL_ENABLE_DEBUG_INFO = NO;
				MTL_FAST_MATH = YES;
				SWIFT_COMPILATION_MODE = wholemodule;
				SWIFT_OPTIMIZATION_LEVEL = "-O";
			};
			name = Release;
		};
		CB7AB5212A56E96700C4E439 /* Debug */ = {
			isa = XCBuildConfiguration;
			buildSettings = {
				ASSETCATALOG_COMPILER_APPICON_NAME = AppIcon;
				ASSETCATALOG_COMPILER_GLOBAL_ACCENT_COLOR_NAME = AccentColor;
				CODE_SIGN_ENTITLEMENTS = "so-join/so_join.entitlements";
				CODE_SIGN_STYLE = Automatic;
				CURRENT_PROJECT_VERSION = 1;
				DEVELOPMENT_ASSET_PATHS = "\"so-join/Preview Content\"";
				DEVELOPMENT_TEAM = HY3UCDNN25;
				ENABLE_PREVIEWS = YES;
				GENERATE_INFOPLIST_FILE = YES;
				INFOPLIST_FILE = "so-join/Info.plist";
				"INFOPLIST_KEY_UIApplicationSceneManifest_Generation[sdk=iphoneos*]" = YES;
				"INFOPLIST_KEY_UIApplicationSceneManifest_Generation[sdk=iphonesimulator*]" = YES;
				"INFOPLIST_KEY_UIApplicationSupportsIndirectInputEvents[sdk=iphoneos*]" = YES;
				"INFOPLIST_KEY_UIApplicationSupportsIndirectInputEvents[sdk=iphonesimulator*]" = YES;
				"INFOPLIST_KEY_UILaunchScreen_Generation[sdk=iphoneos*]" = YES;
				"INFOPLIST_KEY_UILaunchScreen_Generation[sdk=iphonesimulator*]" = YES;
				"INFOPLIST_KEY_UIStatusBarStyle[sdk=iphoneos*]" = UIStatusBarStyleDefault;
				"INFOPLIST_KEY_UIStatusBarStyle[sdk=iphonesimulator*]" = UIStatusBarStyleDefault;
				INFOPLIST_KEY_UISupportedInterfaceOrientations_iPad = "UIInterfaceOrientationPortrait UIInterfaceOrientationPortraitUpsideDown UIInterfaceOrientationLandscapeLeft UIInterfaceOrientationLandscapeRight";
				INFOPLIST_KEY_UISupportedInterfaceOrientations_iPhone = "UIInterfaceOrientationPortrait UIInterfaceOrientationLandscapeLeft UIInterfaceOrientationLandscapeRight";
				IPHONEOS_DEPLOYMENT_TARGET = 16.4;
				LD_RUNPATH_SEARCH_PATHS = "@executable_path/Frameworks";
				"LD_RUNPATH_SEARCH_PATHS[sdk=macosx*]" = "@executable_path/../Frameworks";
				MACOSX_DEPLOYMENT_TARGET = 13.0;
				MARKETING_VERSION = 1.0;
				PRODUCT_BUNDLE_IDENTIFIER = "wlchalire.so-join";
				PRODUCT_NAME = "$(TARGET_NAME)";
				SDKROOT = auto;
				SUPPORTED_PLATFORMS = "iphoneos iphonesimulator macosx";
				SWIFT_EMIT_LOC_STRINGS = YES;
				SWIFT_VERSION = 5.0;
				TARGETED_DEVICE_FAMILY = "1,2";
			};
			name = Debug;
		};
		CB7AB5222A56E96700C4E439 /* Release */ = {
			isa = XCBuildConfiguration;
			buildSettings = {
				ASSETCATALOG_COMPILER_APPICON_NAME = AppIcon;
				ASSETCATALOG_COMPILER_GLOBAL_ACCENT_COLOR_NAME = AccentColor;
				CODE_SIGN_ENTITLEMENTS = "so-join/so_join.entitlements";
				CODE_SIGN_STYLE = Automatic;
				CURRENT_PROJECT_VERSION = 1;
				DEVELOPMENT_ASSET_PATHS = "\"so-join/Preview Content\"";
				DEVELOPMENT_TEAM = HY3UCDNN25;
				ENABLE_PREVIEWS = YES;
				GENERATE_INFOPLIST_FILE = YES;
				INFOPLIST_FILE = "so-join/Info.plist";
				"INFOPLIST_KEY_UIApplicationSceneManifest_Generation[sdk=iphoneos*]" = YES;
				"INFOPLIST_KEY_UIApplicationSceneManifest_Generation[sdk=iphonesimulator*]" = YES;
				"INFOPLIST_KEY_UIApplicationSupportsIndirectInputEvents[sdk=iphoneos*]" = YES;
				"INFOPLIST_KEY_UIApplicationSupportsIndirectInputEvents[sdk=iphonesimulator*]" = YES;
				"INFOPLIST_KEY_UILaunchScreen_Generation[sdk=iphoneos*]" = YES;
				"INFOPLIST_KEY_UILaunchScreen_Generation[sdk=iphonesimulator*]" = YES;
				"INFOPLIST_KEY_UIStatusBarStyle[sdk=iphoneos*]" = UIStatusBarStyleDefault;
				"INFOPLIST_KEY_UIStatusBarStyle[sdk=iphonesimulator*]" = UIStatusBarStyleDefault;
				INFOPLIST_KEY_UISupportedInterfaceOrientations_iPad = "UIInterfaceOrientationPortrait UIInterfaceOrientationPortraitUpsideDown UIInterfaceOrientationLandscapeLeft UIInterfaceOrientationLandscapeRight";
				INFOPLIST_KEY_UISupportedInterfaceOrientations_iPhone = "UIInterfaceOrientationPortrait UIInterfaceOrientationLandscapeLeft UIInterfaceOrientationLandscapeRight";
				IPHONEOS_DEPLOYMENT_TARGET = 16.4;
				LD_RUNPATH_SEARCH_PATHS = "@executable_path/Frameworks";
				"LD_RUNPATH_SEARCH_PATHS[sdk=macosx*]" = "@executable_path/../Frameworks";
				MACOSX_DEPLOYMENT_TARGET = 13.0;
				MARKETING_VERSION = 1.0;
				PRODUCT_BUNDLE_IDENTIFIER = "wlchalire.so-join";
				PRODUCT_NAME = "$(TARGET_NAME)";
				SDKROOT = auto;
				SUPPORTED_PLATFORMS = "iphoneos iphonesimulator macosx";
				SWIFT_EMIT_LOC_STRINGS = YES;
				SWIFT_VERSION = 5.0;
				TARGETED_DEVICE_FAMILY = "1,2";
			};
			name = Release;
		};
/* End XCBuildConfiguration section */

/* Begin XCConfigurationList section */
		CB7AB5072A56E96600C4E439 /* Build configuration list for PBXProject "so-join" */ = {
			isa = XCConfigurationList;
			buildConfigurations = (
				CB7AB51E2A56E96700C4E439 /* Debug */,
				CB7AB51F2A56E96700C4E439 /* Release */,
			);
			defaultConfigurationIsVisible = 0;
			defaultConfigurationName = Release;
		};
		CB7AB5202A56E96700C4E439 /* Build configuration list for PBXNativeTarget "so-join" */ = {
			isa = XCConfigurationList;
			buildConfigurations = (
				CB7AB5212A56E96700C4E439 /* Debug */,
				CB7AB5222A56E96700C4E439 /* Release */,
			);
			defaultConfigurationIsVisible = 0;
			defaultConfigurationName = Release;
		};
/* End XCConfigurationList section */

/* Begin XCVersionGroup section */
		CB7AB5132A56E96600C4E439 /* so_join.xcdatamodeld */ = {
			isa = XCVersionGroup;
			children = (
				CB7AB5142A56E96600C4E439 /* so_join.xcdatamodel */,
			);
			currentVersion = CB7AB5142A56E96600C4E439 /* so_join.xcdatamodel */;
			path = so_join.xcdatamodeld;
			sourceTree = "<group>";
			versionGroupType = wrapper.xcdatamodel;
		};
/* End XCVersionGroup section */
	};
	rootObject = CB7AB5042A56E96600C4E439 /* Project object */;
}
